
Microsoft Visual Studio Solution File, Format Version 12.00
# Visual Studio 15
VisualStudioVersion = 15.0.27130.2036
MinimumVisualStudioVersion = 10.0.40219.1
Project("{FAE04EC0-301F-11D3-BF4B-00C04F79EFBC}") = "ShortWordsSorted", "Count Real Number\ShortWordsSorted.csproj", "{7619EF86-F1BA-47BB-B1E2-A36D67D9F532}"
EndProject
Project("{FAE04EC0-301F-11D3-BF4B-00C04F79EFBC}") = "Sum_Min_Max_Average", "Sum_Min_Max_Average\Sum_Min_Max_Average.csproj", "{9B78155E-2F21-4D29-9D5B-358582420772}"
EndProject
Project("{FAE04EC0-301F-11D3-BF4B-00C04F79EFBC}") = "Count Real Number", "RealTask_Count Real Number\Count Real Number.csproj", "{ADA9DB95-9228-41B3-BF83-7F72A6EDF4D7}"
EndProject
Project("{FAE04EC0-301F-11D3-BF4B-00C04F79EFBC}") = "Largest3numbers", "Largest3numbers\Largest3numbers.csproj", "{9ED22642-561A-4751-A5EA-26DF49A554D2}"
EndProject
Global
	GlobalSection(SolutionConfigurationPlatforms) = preSolution
		Debug|Any CPU = Debug|Any CPU
		Release|Any CPU = Release|Any CPU
	EndGlobalSection
	GlobalSection(ProjectConfigurationPlatforms) = postSolution
		{7619EF86-F1BA-47BB-B1E2-A36D67D9F532}.Debug|Any CPU.ActiveCfg = Debug|Any CPU
		{7619EF86-F1BA-47BB-B1E2-A36D67D9F532}.Debug|Any CPU.Build.0 = Debug|Any CPU
		{7619EF86-F1BA-47BB-B1E2-A36D67D9F532}.Release|Any CPU.ActiveCfg = Release|Any CPU
		{7619EF86-F1BA-47BB-B1E2-A36D67D9F532}.Release|Any CPU.Build.0 = Release|Any CPU
		{9B78155E-2F21-4D29-9D5B-358582420772}.Debug|Any CPU.ActiveCfg = Debug|Any CPU
		{9B78155E-2F21-4D29-9D5B-358582420772}.Debug|Any CPU.Build.0 = Debug|Any CPU
		{9B78155E-2F21-4D29-9D5B-358582420772}.Release|Any CPU.ActiveCfg = Release|Any CPU
		{9B78155E-2F21-4D29-9D5B-358582420772}.Release|Any CPU.Build.0 = Release|Any CPU
		{ADA9DB95-9228-41B3-BF83-7F72A6EDF4D7}.Debug|Any CPU.ActiveCfg = Debug|Any CPU
		{ADA9DB95-9228-41B3-BF83-7F72A6EDF4D7}.Debug|Any CPU.Build.0 = Debug|Any CPU
		{ADA9DB95-9228-41B3-BF83-7F72A6EDF4D7}.Release|Any CPU.ActiveCfg = Release|Any CPU
		{ADA9DB95-9228-41B3-BF83-7F72A6EDF4D7}.Release|Any CPU.Build.0 = Release|Any CPU
		{9ED22642-561A-4751-A5EA-26DF49A554D2}.Debug|Any CPU.ActiveCfg = Debug|Any CPU
		{9ED22642-561A-4751-A5EA-26DF49A554D2}.Debug|Any CPU.Build.0 = Debug|Any CPU
		{9ED22642-561A-4751-A5EA-26DF49A554D2}.Release|Any CPU.ActiveCfg = Release|Any CPU
		{9ED22642-561A-4751-A5EA-26DF49A554D2}.Release|Any CPU.Build.0 = Release|Any CPU
	EndGlobalSection
	GlobalSection(SolutionProperties) = preSolution
		HideSolutionNode = FALSE
	EndGlobalSection
	GlobalSection(ExtensibilityGlobals) = postSolution
		SolutionGuid = {9D6A422E-D81B-4158-8F2E-FA68C672BFF8}
	EndGlobalSection
EndGlobal
